{
  "version": 4,
  "terraform_version": "1.4.2",
  "serial": 21,
  "lineage": "d9a84b0c-0886-8207-0e0d-ff54490edee5",
  "outputs": {},
  "resources": [
    {
      "mode": "managed",
      "type": "random_string",
      "name": "prefix",
      "provider": "provider[\"registry.terraform.io/hashicorp/random\"]",
      "instances": [
        {
          "schema_version": 2,
          "attributes": {
            "id": "pv45",
            "keepers": null,
            "length": 4,
            "lower": true,
            "min_lower": 0,
            "min_numeric": 0,
            "min_special": 0,
            "min_upper": 0,
            "number": true,
            "numeric": true,
            "override_special": null,
            "result": "pv45",
            "special": false,
            "upper": false
          },
          "sensitive_attributes": []
        }
      ]
    },
    {
      "module": "module.datalake",
      "mode": "data",
      "type": "google_storage_project_service_account",
      "name": "gcs_account",
      "provider": "module.datalake.provider[\"registry.terraform.io/hashicorp/google\"]",
      "instances": [
        {
          "schema_version": 0,
          "attributes": {
            "email_address": "service-485264364868@gs-project-accounts.iam.gserviceaccount.com",
            "id": "service-485264364868@gs-project-accounts.iam.gserviceaccount.com",
            "member": "serviceAccount:service-485264364868@gs-project-accounts.iam.gserviceaccount.com",
            "project": "vertex-template-1-1c2a",
            "user_project": null
          },
          "sensitive_attributes": []
        }
      ]
    },
    {
      "module": "module.datalake",
      "mode": "managed",
      "type": "google_pubsub_topic",
      "name": "notification_topic",
      "provider": "module.datalake.provider[\"registry.terraform.io/hashicorp/google\"]",
      "instances": [
        {
          "schema_version": 0,
          "attributes": {
            "id": "projects/vertex-template-1-1c2a/topics/datalake-bucket-notifications-b",
            "kms_key_name": "",
            "labels": null,
            "message_retention_duration": "",
            "message_storage_policy": [],
            "name": "datalake-bucket-notifications-b",
            "project": "vertex-template-1-1c2a",
            "schema_settings": [],
            "timeouts": null
          },
          "sensitive_attributes": [],
          "private": "eyJlMmJmYjczMC1lY2FhLTExZTYtOGY4OC0zNDM2M2JjN2M0YzAiOnsiY3JlYXRlIjoxMjAwMDAwMDAwMDAwLCJkZWxldGUiOjEyMDAwMDAwMDAwMDAsInVwZGF0ZSI6MTIwMDAwMDAwMDAwMH19"
        }
      ]
    },
    {
      "module": "module.datalake",
      "mode": "managed",
      "type": "google_pubsub_topic_iam_binding",
      "name": "bind_gcs_svc_acc",
      "provider": "module.datalake.provider[\"registry.terraform.io/hashicorp/google\"]",
      "instances": [
        {
          "index_key": 0,
          "schema_version": 0,
          "attributes": {
            "condition": [],
            "etag": "BwX6y45S9gA=",
            "id": "projects/vertex-template-1-1c2a/topics/datalake-bucket-notifications-b/roles/pubsub.publisher",
            "members": [
              "serviceAccount:service-485264364868@gs-project-accounts.iam.gserviceaccount.com"
            ],
            "project": "vertex-template-1-1c2a",
            "role": "roles/pubsub.publisher",
            "topic": "projects/vertex-template-1-1c2a/topics/datalake-bucket-notifications-b"
          },
          "sensitive_attributes": [],
          "private": "bnVsbA==",
          "dependencies": [
            "module.datalake.data.google_storage_project_service_account.gcs_account",
            "module.datalake.google_pubsub_topic.notification_topic"
          ]
        }
      ]
    },
    {
      "module": "module.datalake",
      "mode": "managed",
      "type": "google_storage_bucket",
      "name": "buckets",
      "provider": "module.datalake.provider[\"registry.terraform.io/hashicorp/google\"]",
      "instances": [
        {
          "index_key": "source-a",
          "schema_version": 0,
          "attributes": {
            "autoclass": [],
            "cors": [],
            "custom_placement_config": [],
            "default_event_based_hold": false,
            "encryption": [],
            "force_destroy": false,
            "id": "vertex-template-1-1c2a-source-a-pv45",
            "labels": {},
            "lifecycle_rule": [
              {
                "action": [
                  {
                    "storage_class": "ARCHIVE",
                    "type": "SetStorageClass"
                  }
                ],
                "condition": [
                  {
                    "age": 60,
                    "created_before": "",
                    "custom_time_before": "",
                    "days_since_custom_time": 0,
                    "days_since_noncurrent_time": 0,
                    "matches_prefix": [],
                    "matches_storage_class": [],
                    "matches_suffix": [],
                    "noncurrent_time_before": "",
                    "num_newer_versions": 0,
                    "with_state": "ANY"
                  }
                ]
              }
            ],
            "location": "EUROPE-WEST1",
            "logging": [],
            "name": "vertex-template-1-1c2a-source-a-pv45",
            "project": "vertex-template-1-1c2a",
            "public_access_prevention": "enforced",
            "requester_pays": false,
            "retention_policy": [],
            "self_link": "https://www.googleapis.com/storage/v1/b/vertex-template-1-1c2a-source-a-pv45",
            "storage_class": "STANDARD",
            "timeouts": null,
            "uniform_bucket_level_access": true,
            "url": "gs://vertex-template-1-1c2a-source-a-pv45",
            "versioning": [],
            "website": []
          },
          "sensitive_attributes": [],
          "private": "eyJlMmJmYjczMC1lY2FhLTExZTYtOGY4OC0zNDM2M2JjN2M0YzAiOnsiY3JlYXRlIjo2MDAwMDAwMDAwMDAsInJlYWQiOjI0MDAwMDAwMDAwMCwidXBkYXRlIjoyNDAwMDAwMDAwMDB9fQ==",
          "dependencies": [
            "random_string.prefix"
          ]
        },
        {
          "index_key": "source-b",
          "schema_version": 0,
          "attributes": {
            "autoclass": [],
            "cors": [],
            "custom_placement_config": [],
            "default_event_based_hold": false,
            "encryption": [],
            "force_destroy": false,
            "id": "vertex-template-1-1c2a-source-b-pv45",
            "labels": {},
            "lifecycle_rule": [
              {
                "action": [
                  {
                    "storage_class": "ARCHIVE",
                    "type": "SetStorageClass"
                  }
                ],
                "condition": [
                  {
                    "age": 60,
                    "created_before": "",
                    "custom_time_before": "",
                    "days_since_custom_time": 0,
                    "days_since_noncurrent_time": 0,
                    "matches_prefix": [],
                    "matches_storage_class": [],
                    "matches_suffix": [],
                    "noncurrent_time_before": "",
                    "num_newer_versions": 0,
                    "with_state": "ANY"
                  }
                ]
              }
            ],
            "location": "EUROPE-WEST1",
            "logging": [],
            "name": "vertex-template-1-1c2a-source-b-pv45",
            "project": "vertex-template-1-1c2a",
            "public_access_prevention": "enforced",
            "requester_pays": false,
            "retention_policy": [],
            "self_link": "https://www.googleapis.com/storage/v1/b/vertex-template-1-1c2a-source-b-pv45",
            "storage_class": "STANDARD",
            "timeouts": null,
            "uniform_bucket_level_access": true,
            "url": "gs://vertex-template-1-1c2a-source-b-pv45",
            "versioning": [],
            "website": []
          },
          "sensitive_attributes": [],
          "private": "eyJlMmJmYjczMC1lY2FhLTExZTYtOGY4OC0zNDM2M2JjN2M0YzAiOnsiY3JlYXRlIjo2MDAwMDAwMDAwMDAsInJlYWQiOjI0MDAwMDAwMDAwMCwidXBkYXRlIjoyNDAwMDAwMDAwMDB9fQ==",
          "dependencies": [
            "random_string.prefix"
          ]
        },
        {
          "index_key": "source-c",
          "schema_version": 0,
          "attributes": {
            "autoclass": [],
            "cors": [],
            "custom_placement_config": [],
            "default_event_based_hold": false,
            "encryption": [],
            "force_destroy": false,
            "id": "vertex-template-1-1c2a-source-c-pv45",
            "labels": {},
            "lifecycle_rule": [
              {
                "action": [
                  {
                    "storage_class": "ARCHIVE",
                    "type": "SetStorageClass"
                  }
                ],
                "condition": [
                  {
                    "age": 60,
                    "created_before": "",
                    "custom_time_before": "",
                    "days_since_custom_time": 0,
                    "days_since_noncurrent_time": 0,
                    "matches_prefix": [],
                    "matches_storage_class": [],
                    "matches_suffix": [],
                    "noncurrent_time_before": "",
                    "num_newer_versions": 0,
                    "with_state": "ANY"
                  }
                ]
              }
            ],
            "location": "EUROPE-WEST1",
            "logging": [],
            "name": "vertex-template-1-1c2a-source-c-pv45",
            "project": "vertex-template-1-1c2a",
            "public_access_prevention": "enforced",
            "requester_pays": false,
            "retention_policy": [],
            "self_link": "https://www.googleapis.com/storage/v1/b/vertex-template-1-1c2a-source-c-pv45",
            "storage_class": "STANDARD",
            "timeouts": null,
            "uniform_bucket_level_access": true,
            "url": "gs://vertex-template-1-1c2a-source-c-pv45",
            "versioning": [],
            "website": []
          },
          "sensitive_attributes": [],
          "private": "eyJlMmJmYjczMC1lY2FhLTExZTYtOGY4OC0zNDM2M2JjN2M0YzAiOnsiY3JlYXRlIjo2MDAwMDAwMDAwMDAsInJlYWQiOjI0MDAwMDAwMDAwMCwidXBkYXRlIjoyNDAwMDAwMDAwMDB9fQ==",
          "dependencies": [
            "random_string.prefix"
          ]
        }
      ]
    },
    {
      "module": "module.datalake",
      "mode": "managed",
      "type": "google_storage_bucket_iam_binding",
      "name": "object_admins",
      "provider": "module.datalake.provider[\"registry.terraform.io/hashicorp/google\"]",
      "instances": [
        {
          "index_key": "source-a",
          "schema_version": 0,
          "attributes": {
            "bucket": "b/vertex-template-1-1c2a-source-a-pv45",
            "condition": [],
            "etag": "CAQ=",
            "id": "b/vertex-template-1-1c2a-source-a-pv45/roles/storage.objectAdmin",
            "members": [
              "user:rida.kejji@artefact.com"
            ],
            "role": "roles/storage.objectAdmin"
          },
          "sensitive_attributes": [],
          "private": "bnVsbA==",
          "dependencies": [
            "module.datalake.google_storage_bucket.buckets",
            "random_string.prefix"
          ]
        },
        {
          "index_key": "source-b",
          "schema_version": 0,
          "attributes": {
            "bucket": "b/vertex-template-1-1c2a-source-b-pv45",
            "condition": [],
            "etag": "CAQ=",
            "id": "b/vertex-template-1-1c2a-source-b-pv45/roles/storage.objectAdmin",
            "members": [
              "user:rida.kejji@artefact.com"
            ],
            "role": "roles/storage.objectAdmin"
          },
          "sensitive_attributes": [],
          "private": "bnVsbA==",
          "dependencies": [
            "module.datalake.google_storage_bucket.buckets",
            "random_string.prefix"
          ]
        },
        {
          "index_key": "source-c",
          "schema_version": 0,
          "attributes": {
            "bucket": "b/vertex-template-1-1c2a-source-c-pv45",
            "condition": [],
            "etag": "CAQ=",
            "id": "b/vertex-template-1-1c2a-source-c-pv45/roles/storage.objectAdmin",
            "members": [
              "user:rida.kejji@artefact.com"
            ],
            "role": "roles/storage.objectAdmin"
          },
          "sensitive_attributes": [],
          "private": "bnVsbA==",
          "dependencies": [
            "module.datalake.google_storage_bucket.buckets",
            "random_string.prefix"
          ]
        }
      ]
    },
    {
      "module": "module.datalake",
      "mode": "managed",
      "type": "google_storage_bucket_iam_binding",
      "name": "object_viewers",
      "provider": "module.datalake.provider[\"registry.terraform.io/hashicorp/google\"]",
      "instances": [
        {
          "index_key": "source-a",
          "schema_version": 0,
          "attributes": {
            "bucket": "b/vertex-template-1-1c2a-source-a-pv45",
            "condition": [],
            "etag": "CAQ=",
            "id": "b/vertex-template-1-1c2a-source-a-pv45/roles/storage.objectViewer",
            "members": [
              "user:rida.kejji@artefact.com"
            ],
            "role": "roles/storage.objectViewer"
          },
          "sensitive_attributes": [],
          "private": "bnVsbA==",
          "dependencies": [
            "module.datalake.google_storage_bucket.buckets",
            "random_string.prefix"
          ]
        },
        {
          "index_key": "source-b",
          "schema_version": 0,
          "attributes": {
            "bucket": "b/vertex-template-1-1c2a-source-b-pv45",
            "condition": [],
            "etag": "CAQ=",
            "id": "b/vertex-template-1-1c2a-source-b-pv45/roles/storage.objectViewer",
            "members": [
              "user:rida.kejji@artefact.com"
            ],
            "role": "roles/storage.objectViewer"
          },
          "sensitive_attributes": [],
          "private": "bnVsbA==",
          "dependencies": [
            "module.datalake.google_storage_bucket.buckets",
            "random_string.prefix"
          ]
        },
        {
          "index_key": "source-c",
          "schema_version": 0,
          "attributes": {
            "bucket": "b/vertex-template-1-1c2a-source-c-pv45",
            "condition": [],
            "etag": "CAQ=",
            "id": "b/vertex-template-1-1c2a-source-c-pv45/roles/storage.objectViewer",
            "members": [
              "user:rida.kejji@artefact.com"
            ],
            "role": "roles/storage.objectViewer"
          },
          "sensitive_attributes": [],
          "private": "bnVsbA==",
          "dependencies": [
            "module.datalake.google_storage_bucket.buckets",
            "random_string.prefix"
          ]
        }
      ]
    },
    {
      "module": "module.datalake",
      "mode": "managed",
      "type": "google_storage_bucket_iam_binding",
      "name": "storage_admins",
      "provider": "module.datalake.provider[\"registry.terraform.io/hashicorp/google\"]",
      "instances": [
        {
          "index_key": "source-a",
          "schema_version": 0,
          "attributes": {
            "bucket": "b/vertex-template-1-1c2a-source-a-pv45",
            "condition": [],
            "etag": "CAQ=",
            "id": "b/vertex-template-1-1c2a-source-a-pv45/roles/storage.admin",
            "members": [
              "user:rida.kejji@artefact.com"
            ],
            "role": "roles/storage.admin"
          },
          "sensitive_attributes": [],
          "private": "bnVsbA==",
          "dependencies": [
            "module.datalake.google_storage_bucket.buckets",
            "random_string.prefix"
          ]
        },
        {
          "index_key": "source-b",
          "schema_version": 0,
          "attributes": {
            "bucket": "b/vertex-template-1-1c2a-source-b-pv45",
            "condition": [],
            "etag": "CAQ=",
            "id": "b/vertex-template-1-1c2a-source-b-pv45/roles/storage.admin",
            "members": [
              "user:rida.kejji@artefact.com"
            ],
            "role": "roles/storage.admin"
          },
          "sensitive_attributes": [],
          "private": "bnVsbA==",
          "dependencies": [
            "module.datalake.google_storage_bucket.buckets",
            "random_string.prefix"
          ]
        },
        {
          "index_key": "source-c",
          "schema_version": 0,
          "attributes": {
            "bucket": "b/vertex-template-1-1c2a-source-c-pv45",
            "condition": [],
            "etag": "CAQ=",
            "id": "b/vertex-template-1-1c2a-source-c-pv45/roles/storage.admin",
            "members": [
              "user:rida.kejji@artefact.com"
            ],
            "role": "roles/storage.admin"
          },
          "sensitive_attributes": [],
          "private": "bnVsbA==",
          "dependencies": [
            "module.datalake.google_storage_bucket.buckets",
            "random_string.prefix"
          ]
        }
      ]
    },
    {
      "module": "module.datalake",
      "mode": "managed",
      "type": "google_storage_notification",
      "name": "notification",
      "provider": "module.datalake.provider[\"registry.terraform.io/hashicorp/google\"]",
      "instances": [
        {
          "index_key": "source-a",
          "schema_version": 0,
          "attributes": {
            "bucket": "vertex-template-1-1c2a-source-a-pv45",
            "custom_attributes": null,
            "event_types": [
              "OBJECT_ARCHIVE",
              "OBJECT_DELETE",
              "OBJECT_FINALIZE",
              "OBJECT_METADATA_UPDATE"
            ],
            "id": "vertex-template-1-1c2a-source-a-pv45/notificationConfigs/4",
            "notification_id": "4",
            "object_name_prefix": "",
            "payload_format": "JSON_API_V1",
            "self_link": "https://www.googleapis.com/storage/v1/b/vertex-template-1-1c2a-source-a-pv45/notificationConfigs/4",
            "topic": "//pubsub.googleapis.com/projects/vertex-template-1-1c2a/topics/datalake-bucket-notifications-b"
          },
          "sensitive_attributes": [],
          "private": "bnVsbA==",
          "dependencies": [
            "module.datalake.data.google_storage_project_service_account.gcs_account",
            "module.datalake.google_pubsub_topic.notification_topic",
            "module.datalake.google_pubsub_topic_iam_binding.bind_gcs_svc_acc",
            "module.datalake.google_storage_bucket.buckets"
          ]
        },
        {
          "index_key": "source-b",
          "schema_version": 0,
          "attributes": {
            "bucket": "vertex-template-1-1c2a-source-b-pv45",
            "custom_attributes": null,
            "event_types": [
              "OBJECT_ARCHIVE",
              "OBJECT_DELETE",
              "OBJECT_FINALIZE",
              "OBJECT_METADATA_UPDATE"
            ],
            "id": "vertex-template-1-1c2a-source-b-pv45/notificationConfigs/4",
            "notification_id": "4",
            "object_name_prefix": "",
            "payload_format": "JSON_API_V1",
            "self_link": "https://www.googleapis.com/storage/v1/b/vertex-template-1-1c2a-source-b-pv45/notificationConfigs/4",
            "topic": "//pubsub.googleapis.com/projects/vertex-template-1-1c2a/topics/datalake-bucket-notifications-b"
          },
          "sensitive_attributes": [],
          "private": "bnVsbA==",
          "dependencies": [
            "module.datalake.data.google_storage_project_service_account.gcs_account",
            "module.datalake.google_pubsub_topic.notification_topic",
            "module.datalake.google_pubsub_topic_iam_binding.bind_gcs_svc_acc",
            "module.datalake.google_storage_bucket.buckets"
          ]
        },
        {
          "index_key": "source-c",
          "schema_version": 0,
          "attributes": {
            "bucket": "vertex-template-1-1c2a-source-c-pv45",
            "custom_attributes": null,
            "event_types": [
              "OBJECT_ARCHIVE",
              "OBJECT_DELETE",
              "OBJECT_FINALIZE",
              "OBJECT_METADATA_UPDATE"
            ],
            "id": "vertex-template-1-1c2a-source-c-pv45/notificationConfigs/4",
            "notification_id": "4",
            "object_name_prefix": "",
            "payload_format": "JSON_API_V1",
            "self_link": "https://www.googleapis.com/storage/v1/b/vertex-template-1-1c2a-source-c-pv45/notificationConfigs/4",
            "topic": "//pubsub.googleapis.com/projects/vertex-template-1-1c2a/topics/datalake-bucket-notifications-b"
          },
          "sensitive_attributes": [],
          "private": "bnVsbA==",
          "dependencies": [
            "module.datalake.data.google_storage_project_service_account.gcs_account",
            "module.datalake.google_pubsub_topic.notification_topic",
            "module.datalake.google_pubsub_topic_iam_binding.bind_gcs_svc_acc",
            "module.datalake.google_storage_bucket.buckets"
          ]
        }
      ]
    }
  ],
  "check_results": null
}
